// !$*UTF8*$!
{
	archiveVersion = 1;
	classes = {
	};
	objectVersion = 55;
	objects = {

/* Begin PBXBuildFile section */
		F42376A827F205F8005DFE3F /* Card.swift in Sources */ = {isa = PBXBuildFile; fileRef = F42376A727F205F7005DFE3F /* Card.swift */; };
		F42376AC27F208DC005DFE3F /* Model in Frameworks */ = {isa = PBXBuildFile; productRef = F42376AB27F208DC005DFE3F /* Model */; };
		F42376B027F24710005DFE3F /* CurrentHand.swift in Sources */ = {isa = PBXBuildFile; fileRef = F42376AF27F24710005DFE3F /* CurrentHand.swift */; };
		F479609327F258AE003BD4E7 /* CardRow.swift in Sources */ = {isa = PBXBuildFile; fileRef = F479609227F258AE003BD4E7 /* CardRow.swift */; };
		F479609527F25DB8003BD4E7 /* SuitHint.swift in Sources */ = {isa = PBXBuildFile; fileRef = F479609427F25DB8003BD4E7 /* SuitHint.swift */; };
		F479609727F25E64003BD4E7 /* ColorSuitMap.swift in Sources */ = {isa = PBXBuildFile; fileRef = F479609627F25E64003BD4E7 /* ColorSuitMap.swift */; };
		F479609927F25F95003BD4E7 /* Hints.swift in Sources */ = {isa = PBXBuildFile; fileRef = F479609827F25F95003BD4E7 /* Hints.swift */; };
		F479609B27F605BA003BD4E7 /* GameOptions.swift in Sources */ = {isa = PBXBuildFile; fileRef = F479609A27F605BA003BD4E7 /* GameOptions.swift */; };
		F479609D27F76285003BD4E7 /* ValueHint.swift in Sources */ = {isa = PBXBuildFile; fileRef = F479609C27F76285003BD4E7 /* ValueHint.swift */; };
		F479609F27F8CB66003BD4E7 /* OptionsEnvironmentKey.swift in Sources */ = {isa = PBXBuildFile; fileRef = F479609E27F8CB66003BD4E7 /* OptionsEnvironmentKey.swift */; };
		F4904B3F2800A0B2003AE3D1 /* MainView.swift in Sources */ = {isa = PBXBuildFile; fileRef = F4904B3E2800A0B2003AE3D1 /* MainView.swift */; };
		F4F9ADDB27EFD4FE002D1CBD /* HanabiTrackerApp.swift in Sources */ = {isa = PBXBuildFile; fileRef = F4F9ADDA27EFD4FE002D1CBD /* HanabiTrackerApp.swift */; };
		F4F9ADDD27EFD4FE002D1CBD /* GameView.swift in Sources */ = {isa = PBXBuildFile; fileRef = F4F9ADDC27EFD4FE002D1CBD /* GameView.swift */; };
		F4F9ADDF27EFD500002D1CBD /* Assets.xcassets in Resources */ = {isa = PBXBuildFile; fileRef = F4F9ADDE27EFD500002D1CBD /* Assets.xcassets */; };
		F4F9ADE227EFD500002D1CBD /* Preview Assets.xcassets in Resources */ = {isa = PBXBuildFile; fileRef = F4F9ADE127EFD500002D1CBD /* Preview Assets.xcassets */; };
		F4F9ADEC27EFD500002D1CBD /* HanabiTrackerTests.swift in Sources */ = {isa = PBXBuildFile; fileRef = F4F9ADEB27EFD500002D1CBD /* HanabiTrackerTests.swift */; };
		F4F9ADF627EFD500002D1CBD /* HanabiTrackerUITests.swift in Sources */ = {isa = PBXBuildFile; fileRef = F4F9ADF527EFD500002D1CBD /* HanabiTrackerUITests.swift */; };
		F4F9ADF827EFD500002D1CBD /* HanabiTrackerUITestsLaunchTests.swift in Sources */ = {isa = PBXBuildFile; fileRef = F4F9ADF727EFD500002D1CBD /* HanabiTrackerUITestsLaunchTests.swift */; };
/* End PBXBuildFile section */

/* Begin PBXContainerItemProxy section */
		F4F9ADE827EFD500002D1CBD /* PBXContainerItemProxy */ = {
			isa = PBXContainerItemProxy;
			containerPortal = F4F9ADCF27EFD4FE002D1CBD /* Project object */;
			proxyType = 1;
			remoteGlobalIDString = F4F9ADD627EFD4FE002D1CBD;
			remoteInfo = HanabiTracker;
		};
		F4F9ADF227EFD500002D1CBD /* PBXContainerItemProxy */ = {
			isa = PBXContainerItemProxy;
			containerPortal = F4F9ADCF27EFD4FE002D1CBD /* Project object */;
			proxyType = 1;
			remoteGlobalIDString = F4F9ADD627EFD4FE002D1CBD;
			remoteInfo = HanabiTracker;
		};
/* End PBXContainerItemProxy section */

/* Begin PBXFileReference section */
		F42376A727F205F7005DFE3F /* Card.swift */ = {isa = PBXFileReference; lastKnownFileType = sourcecode.swift; path = Card.swift; sourceTree = "<group>"; };
		F42376AF27F24710005DFE3F /* CurrentHand.swift */ = {isa = PBXFileReference; lastKnownFileType = sourcecode.swift; path = CurrentHand.swift; sourceTree = "<group>"; };
		F479609227F258AE003BD4E7 /* CardRow.swift */ = {isa = PBXFileReference; lastKnownFileType = sourcecode.swift; path = CardRow.swift; sourceTree = "<group>"; };
		F479609427F25DB8003BD4E7 /* SuitHint.swift */ = {isa = PBXFileReference; lastKnownFileType = sourcecode.swift; path = SuitHint.swift; sourceTree = "<group>"; };
		F479609627F25E64003BD4E7 /* ColorSuitMap.swift */ = {isa = PBXFileReference; lastKnownFileType = sourcecode.swift; path = ColorSuitMap.swift; sourceTree = "<group>"; };
		F479609827F25F95003BD4E7 /* Hints.swift */ = {isa = PBXFileReference; lastKnownFileType = sourcecode.swift; path = Hints.swift; sourceTree = "<group>"; };
		F479609A27F605BA003BD4E7 /* GameOptions.swift */ = {isa = PBXFileReference; lastKnownFileType = sourcecode.swift; path = GameOptions.swift; sourceTree = "<group>"; };
		F479609C27F76285003BD4E7 /* ValueHint.swift */ = {isa = PBXFileReference; lastKnownFileType = sourcecode.swift; path = ValueHint.swift; sourceTree = "<group>"; };
		F479609E27F8CB66003BD4E7 /* OptionsEnvironmentKey.swift */ = {isa = PBXFileReference; lastKnownFileType = sourcecode.swift; path = OptionsEnvironmentKey.swift; sourceTree = "<group>"; };
		F4904B3E2800A0B2003AE3D1 /* MainView.swift */ = {isa = PBXFileReference; lastKnownFileType = sourcecode.swift; path = MainView.swift; sourceTree = "<group>"; };
		F4F9ADD727EFD4FE002D1CBD /* HanabiTracker.app */ = {isa = PBXFileReference; explicitFileType = wrapper.application; includeInIndex = 0; path = HanabiTracker.app; sourceTree = BUILT_PRODUCTS_DIR; };
		F4F9ADDA27EFD4FE002D1CBD /* HanabiTrackerApp.swift */ = {isa = PBXFileReference; lastKnownFileType = sourcecode.swift; path = HanabiTrackerApp.swift; sourceTree = "<group>"; };
		F4F9ADDC27EFD4FE002D1CBD /* GameView.swift */ = {isa = PBXFileReference; lastKnownFileType = sourcecode.swift; path = GameView.swift; sourceTree = "<group>"; };
		F4F9ADDE27EFD500002D1CBD /* Assets.xcassets */ = {isa = PBXFileReference; lastKnownFileType = folder.assetcatalog; path = Assets.xcassets; sourceTree = "<group>"; };
		F4F9ADE127EFD500002D1CBD /* Preview Assets.xcassets */ = {isa = PBXFileReference; lastKnownFileType = folder.assetcatalog; path = "Preview Assets.xcassets"; sourceTree = "<group>"; };
		F4F9ADE727EFD500002D1CBD /* HanabiTrackerTests.xctest */ = {isa = PBXFileReference; explicitFileType = wrapper.cfbundle; includeInIndex = 0; path = HanabiTrackerTests.xctest; sourceTree = BUILT_PRODUCTS_DIR; };
		F4F9ADEB27EFD500002D1CBD /* HanabiTrackerTests.swift */ = {isa = PBXFileReference; lastKnownFileType = sourcecode.swift; path = HanabiTrackerTests.swift; sourceTree = "<group>"; };
		F4F9ADF127EFD500002D1CBD /* HanabiTrackerUITests.xctest */ = {isa = PBXFileReference; explicitFileType = wrapper.cfbundle; includeInIndex = 0; path = HanabiTrackerUITests.xctest; sourceTree = BUILT_PRODUCTS_DIR; };
		F4F9ADF527EFD500002D1CBD /* HanabiTrackerUITests.swift */ = {isa = PBXFileReference; lastKnownFileType = sourcecode.swift; path = HanabiTrackerUITests.swift; sourceTree = "<group>"; };
		F4F9ADF727EFD500002D1CBD /* HanabiTrackerUITestsLaunchTests.swift */ = {isa = PBXFileReference; lastKnownFileType = sourcecode.swift; path = HanabiTrackerUITestsLaunchTests.swift; sourceTree = "<group>"; };
		F4F9AE0427EFD549002D1CBD /* Model */ = {isa = PBXFileReference; lastKnownFileType = wrapper; path = Model; sourceTree = "<group>"; };
/* End PBXFileReference section */

/* Begin PBXFrameworksBuildPhase section */
		F4F9ADD427EFD4FE002D1CBD /* Frameworks */ = {
			isa = PBXFrameworksBuildPhase;
			buildActionMask = 2147483647;
			files = (
				F42376AC27F208DC005DFE3F /* Model in Frameworks */,
			);
			runOnlyForDeploymentPostprocessing = 0;
		};
		F4F9ADE427EFD500002D1CBD /* Frameworks */ = {
			isa = PBXFrameworksBuildPhase;
			buildActionMask = 2147483647;
			files = (
			);
			runOnlyForDeploymentPostprocessing = 0;
		};
		F4F9ADEE27EFD500002D1CBD /* Frameworks */ = {
			isa = PBXFrameworksBuildPhase;
			buildActionMask = 2147483647;
			files = (
			);
			runOnlyForDeploymentPostprocessing = 0;
		};
/* End PBXFrameworksBuildPhase section */

/* Begin PBXGroup section */
		F42376A927F205FC005DFE3F /* Views */ = {
			isa = PBXGroup;
			children = (
				F479609627F25E64003BD4E7 /* ColorSuitMap.swift */,
				F4F9ADDC27EFD4FE002D1CBD /* GameView.swift */,
				F42376A727F205F7005DFE3F /* Card.swift */,
				F42376AF27F24710005DFE3F /* CurrentHand.swift */,
				F479609227F258AE003BD4E7 /* CardRow.swift */,
				F479609427F25DB8003BD4E7 /* SuitHint.swift */,
				F479609827F25F95003BD4E7 /* Hints.swift */,
				F479609A27F605BA003BD4E7 /* GameOptions.swift */,
				F479609C27F76285003BD4E7 /* ValueHint.swift */,
				F4904B3E2800A0B2003AE3D1 /* MainView.swift */,
			);
			path = Views;
			sourceTree = "<group>";
		};
		F42376AA27F208DC005DFE3F /* Frameworks */ = {
			isa = PBXGroup;
			children = (
			);
			name = Frameworks;
			sourceTree = "<group>";
		};
		F4F9ADCE27EFD4FE002D1CBD = {
			isa = PBXGroup;
			children = (
				F4F9AE0427EFD549002D1CBD /* Model */,
				F4F9ADD927EFD4FE002D1CBD /* HanabiTracker */,
				F4F9ADEA27EFD500002D1CBD /* HanabiTrackerTests */,
				F4F9ADF427EFD500002D1CBD /* HanabiTrackerUITests */,
				F4F9ADD827EFD4FE002D1CBD /* Products */,
				F42376AA27F208DC005DFE3F /* Frameworks */,
			);
			sourceTree = "<group>";
		};
		F4F9ADD827EFD4FE002D1CBD /* Products */ = {
			isa = PBXGroup;
			children = (
				F4F9ADD727EFD4FE002D1CBD /* HanabiTracker.app */,
				F4F9ADE727EFD500002D1CBD /* HanabiTrackerTests.xctest */,
				F4F9ADF127EFD500002D1CBD /* HanabiTrackerUITests.xctest */,
			);
			name = Products;
			sourceTree = "<group>";
		};
		F4F9ADD927EFD4FE002D1CBD /* HanabiTracker */ = {
			isa = PBXGroup;
			children = (
				F4F9ADDA27EFD4FE002D1CBD /* HanabiTrackerApp.swift */,
				F4F9ADDE27EFD500002D1CBD /* Assets.xcassets */,
				F4F9ADE027EFD500002D1CBD /* Preview Content */,
				F42376A927F205FC005DFE3F /* Views */,
				F479609E27F8CB66003BD4E7 /* OptionsEnvironmentKey.swift */,
			);
			path = HanabiTracker;
			sourceTree = "<group>";
		};
		F4F9ADE027EFD500002D1CBD /* Preview Content */ = {
			isa = PBXGroup;
			children = (
				F4F9ADE127EFD500002D1CBD /* Preview Assets.xcassets */,
			);
			path = "Preview Content";
			sourceTree = "<group>";
		};
		F4F9ADEA27EFD500002D1CBD /* HanabiTrackerTests */ = {
			isa = PBXGroup;
			children = (
				F4F9ADEB27EFD500002D1CBD /* HanabiTrackerTests.swift */,
			);
			path = HanabiTrackerTests;
			sourceTree = "<group>";
		};
		F4F9ADF427EFD500002D1CBD /* HanabiTrackerUITests */ = {
			isa = PBXGroup;
			children = (
				F4F9ADF527EFD500002D1CBD /* HanabiTrackerUITests.swift */,
				F4F9ADF727EFD500002D1CBD /* HanabiTrackerUITestsLaunchTests.swift */,
			);
			path = HanabiTrackerUITests;
			sourceTree = "<group>";
		};
/* End PBXGroup section */

/* Begin PBXNativeTarget section */
		F4F9ADD627EFD4FE002D1CBD /* HanabiTracker */ = {
			isa = PBXNativeTarget;
			buildConfigurationList = F4F9ADFB27EFD500002D1CBD /* Build configuration list for PBXNativeTarget "HanabiTracker" */;
			buildPhases = (
				F4F9ADD327EFD4FE002D1CBD /* Sources */,
				F4F9ADD427EFD4FE002D1CBD /* Frameworks */,
				F4F9ADD527EFD4FE002D1CBD /* Resources */,
			);
			buildRules = (
			);
			dependencies = (
			);
			name = HanabiTracker;
			packageProductDependencies = (
				F42376AB27F208DC005DFE3F /* Model */,
			);
			productName = HanabiTracker;
			productReference = F4F9ADD727EFD4FE002D1CBD /* HanabiTracker.app */;
			productType = "com.apple.product-type.application";
		};
		F4F9ADE627EFD500002D1CBD /* HanabiTrackerTests */ = {
			isa = PBXNativeTarget;
			buildConfigurationList = F4F9ADFE27EFD500002D1CBD /* Build configuration list for PBXNativeTarget "HanabiTrackerTests" */;
			buildPhases = (
				F4F9ADE327EFD500002D1CBD /* Sources */,
				F4F9ADE427EFD500002D1CBD /* Frameworks */,
				F4F9ADE527EFD500002D1CBD /* Resources */,
			);
			buildRules = (
			);
			dependencies = (
				F4F9ADE927EFD500002D1CBD /* PBXTargetDependency */,
			);
			name = HanabiTrackerTests;
			productName = HanabiTrackerTests;
			productReference = F4F9ADE727EFD500002D1CBD /* HanabiTrackerTests.xctest */;
			productType = "com.apple.product-type.bundle.unit-test";
		};
		F4F9ADF027EFD500002D1CBD /* HanabiTrackerUITests */ = {
			isa = PBXNativeTarget;
			buildConfigurationList = F4F9AE0127EFD500002D1CBD /* Build configuration list for PBXNativeTarget "HanabiTrackerUITests" */;
			buildPhases = (
				F4F9ADED27EFD500002D1CBD /* Sources */,
				F4F9ADEE27EFD500002D1CBD /* Frameworks */,
				F4F9ADEF27EFD500002D1CBD /* Resources */,
			);
			buildRules = (
			);
			dependencies = (
				F4F9ADF327EFD500002D1CBD /* PBXTargetDependency */,
			);
			name = HanabiTrackerUITests;
			productName = HanabiTrackerUITests;
			productReference = F4F9ADF127EFD500002D1CBD /* HanabiTrackerUITests.xctest */;
			productType = "com.apple.product-type.bundle.ui-testing";
		};
/* End PBXNativeTarget section */

/* Begin PBXProject section */
		F4F9ADCF27EFD4FE002D1CBD /* Project object */ = {
			isa = PBXProject;
			attributes = {
				BuildIndependentTargetsInParallel = 1;
				LastSwiftUpdateCheck = 1320;
				LastUpgradeCheck = 1320;
				TargetAttributes = {
					F4F9ADD627EFD4FE002D1CBD = {
						CreatedOnToolsVersion = 13.2.1;
					};
					F4F9ADE627EFD500002D1CBD = {
						CreatedOnToolsVersion = 13.2.1;
						TestTargetID = F4F9ADD627EFD4FE002D1CBD;
					};
					F4F9ADF027EFD500002D1CBD = {
						CreatedOnToolsVersion = 13.2.1;
						TestTargetID = F4F9ADD627EFD4FE002D1CBD;
					};
				};
			};
			buildConfigurationList = F4F9ADD227EFD4FE002D1CBD /* Build configuration list for PBXProject "HanabiTracker" */;
			compatibilityVersion = "Xcode 13.0";
			developmentRegion = en;
			hasScannedForEncodings = 0;
			knownRegions = (
				en,
				Base,
			);
			mainGroup = F4F9ADCE27EFD4FE002D1CBD;
			productRefGroup = F4F9ADD827EFD4FE002D1CBD /* Products */;
			projectDirPath = "";
			projectRoot = "";
			targets = (
				F4F9ADD627EFD4FE002D1CBD /* HanabiTracker */,
				F4F9ADE627EFD500002D1CBD /* HanabiTrackerTests */,
				F4F9ADF027EFD500002D1CBD /* HanabiTrackerUITests */,
			);
		};
/* End PBXProject section */

/* Begin PBXResourcesBuildPhase section */
		F4F9ADD527EFD4FE002D1CBD /* Resources */ = {
			isa = PBXResourcesBuildPhase;
			buildActionMask = 2147483647;
			files = (
				F4F9ADE227EFD500002D1CBD /* Preview Assets.xcassets in Resources */,
				F4F9ADDF27EFD500002D1CBD /* Assets.xcassets in Resources */,
			);
			runOnlyForDeploymentPostprocessing = 0;
		};
		F4F9ADE527EFD500002D1CBD /* Resources */ = {
			isa = PBXResourcesBuildPhase;
			buildActionMask = 2147483647;
			files = (
			);
			runOnlyForDeploymentPostprocessing = 0;
		};
		F4F9ADEF27EFD500002D1CBD /* Resources */ = {
			isa = PBXResourcesBuildPhase;
			buildActionMask = 2147483647;
			files = (
			);
			runOnlyForDeploymentPostprocessing = 0;
		};
/* End PBXResourcesBuildPhase section */

/* Begin PBXSourcesBuildPhase section */
		F4F9ADD327EFD4FE002D1CBD /* Sources */ = {
			isa = PBXSourcesBuildPhase;
			buildActionMask = 2147483647;
			files = (
				F479609D27F76285003BD4E7 /* ValueHint.swift in Sources */,
				F4904B3F2800A0B2003AE3D1 /* MainView.swift in Sources */,
				F42376B027F24710005DFE3F /* CurrentHand.swift in Sources */,
				F4F9ADDD27EFD4FE002D1CBD /* GameView.swift in Sources */,
				F479609727F25E64003BD4E7 /* ColorSuitMap.swift in Sources */,
				F479609F27F8CB66003BD4E7 /* OptionsEnvironmentKey.swift in Sources */,
				F479609327F258AE003BD4E7 /* CardRow.swift in Sources */,
				F479609927F25F95003BD4E7 /* Hints.swift in Sources */,
				F42376A827F205F8005DFE3F /* Card.swift in Sources */,
				F479609B27F605BA003BD4E7 /* GameOptions.swift in Sources */,
				F479609527F25DB8003BD4E7 /* SuitHint.swift in Sources */,
				F4F9ADDB27EFD4FE002D1CBD /* HanabiTrackerApp.swift in Sources */,
			);
			runOnlyForDeploymentPostprocessing = 0;
		};
		F4F9ADE327EFD500002D1CBD /* Sources */ = {
			isa = PBXSourcesBuildPhase;
			buildActionMask = 2147483647;
			files = (
				F4F9ADEC27EFD500002D1CBD /* HanabiTrackerTests.swift in Sources */,
			);
			runOnlyForDeploymentPostprocessing = 0;
		};
		F4F9ADED27EFD500002D1CBD /* Sources */ = {
			isa = PBXSourcesBuildPhase;
			buildActionMask = 2147483647;
			files = (
				F4F9ADF827EFD500002D1CBD /* HanabiTrackerUITestsLaunchTests.swift in Sources */,
				F4F9ADF627EFD500002D1CBD /* HanabiTrackerUITests.swift in Sources */,
			);
			runOnlyForDeploymentPostprocessing = 0;
		};
/* End PBXSourcesBuildPhase section */

/* Begin PBXTargetDependency section */
		F4F9ADE927EFD500002D1CBD /* PBXTargetDependency */ = {
			isa = PBXTargetDependency;
			target = F4F9ADD627EFD4FE002D1CBD /* HanabiTracker */;
			targetProxy = F4F9ADE827EFD500002D1CBD /* PBXContainerItemProxy */;
		};
		F4F9ADF327EFD500002D1CBD /* PBXTargetDependency */ = {
			isa = PBXTargetDependency;
			target = F4F9ADD627EFD4FE002D1CBD /* HanabiTracker */;
			targetProxy = F4F9ADF227EFD500002D1CBD /* PBXContainerItemProxy */;
		};
/* End PBXTargetDependency section */

/* Begin XCBuildConfiguration section */
		F4F9ADF927EFD500002D1CBD /* Debug */ = {
			isa = XCBuildConfiguration;
			buildSettings = {
				ALWAYS_SEARCH_USER_PATHS = NO;
				CLANG_ANALYZER_NONNULL = YES;
				CLANG_ANALYZER_NUMBER_OBJECT_CONVERSION = YES_AGGRESSIVE;
				CLANG_CXX_LANGUAGE_STANDARD = "gnu++17";
				CLANG_CXX_LIBRARY = "libc++";
				CLANG_ENABLE_MODULES = YES;
				CLANG_ENABLE_OBJC_ARC = YES;
				CLANG_ENABLE_OBJC_WEAK = YES;
				CLANG_WARN_BLOCK_CAPTURE_AUTORELEASING = YES;
				CLANG_WARN_BOOL_CONVERSION = YES;
				CLANG_WARN_COMMA = YES;
				CLANG_WARN_CONSTANT_CONVERSION = YES;
				CLANG_WARN_DEPRECATED_OBJC_IMPLEMENTATIONS = YES;
				CLANG_WARN_DIRECT_OBJC_ISA_USAGE = YES_ERROR;
				CLANG_WARN_DOCUMENTATION_COMMENTS = YES;
				CLANG_WARN_EMPTY_BODY = YES;
				CLANG_WARN_ENUM_CONVERSION = YES;
				CLANG_WARN_INFINITE_RECURSION = YES;
				CLANG_WARN_INT_CONVERSION = YES;
				CLANG_WARN_NON_LITERAL_NULL_CONVERSION = YES;
				CLANG_WARN_OBJC_IMPLICIT_RETAIN_SELF = YES;
				CLANG_WARN_OBJC_LITERAL_CONVERSION = YES;
				CLANG_WARN_OBJC_ROOT_CLASS = YES_ERROR;
				CLANG_WARN_QUOTED_INCLUDE_IN_FRAMEWORK_HEADER = YES;
				CLANG_WARN_RANGE_LOOP_ANALYSIS = YES;
				CLANG_WARN_STRICT_PROTOTYPES = YES;
				CLANG_WARN_SUSPICIOUS_MOVE = YES;
				CLANG_WARN_UNGUARDED_AVAILABILITY = YES_AGGRESSIVE;
				CLANG_WARN_UNREACHABLE_CODE = YES;
				CLANG_WARN__DUPLICATE_METHOD_MATCH = YES;
				COPY_PHASE_STRIP = NO;
				DEBUG_INFORMATION_FORMAT = dwarf;
				ENABLE_STRICT_OBJC_MSGSEND = YES;
				ENABLE_TESTABILITY = YES;
				GCC_C_LANGUAGE_STANDARD = gnu11;
				GCC_DYNAMIC_NO_PIC = NO;
				GCC_NO_COMMON_BLOCKS = YES;
				GCC_OPTIMIZATION_LEVEL = 0;
				GCC_PREPROCESSOR_DEFINITIONS = (
					"DEBUG=1",
					"$(inherited)",
				);
				GCC_WARN_64_TO_32_BIT_CONVERSION = YES;
				GCC_WARN_ABOUT_RETURN_TYPE = YES_ERROR;
				GCC_WARN_UNDECLARED_SELECTOR = YES;
				GCC_WARN_UNINITIALIZED_AUTOS = YES_AGGRESSIVE;
				GCC_WARN_UNUSED_FUNCTION = YES;
				GCC_WARN_UNUSED_VARIABLE = YES;
				IPHONEOS_DEPLOYMENT_TARGET = 15.0;
				MTL_ENABLE_DEBUG_INFO = INCLUDE_SOURCE;
				MTL_FAST_MATH = YES;
				ONLY_ACTIVE_ARCH = YES;
				SDKROOT = iphoneos;
				SWIFT_ACTIVE_COMPILATION_CONDITIONS = DEBUG;
				SWIFT_OPTIMIZATION_LEVEL = "-Onone";
			};
			name = Debug;
		};
		F4F9ADFA27EFD500002D1CBD /* Release */ = {
			isa = XCBuildConfiguration;
			buildSettings = {
				ALWAYS_SEARCH_USER_PATHS = NO;
				CLANG_ANALYZER_NONNULL = YES;
				CLANG_ANALYZER_NUMBER_OBJECT_CONVERSION = YES_AGGRESSIVE;
				CLANG_CXX_LANGUAGE_STANDARD = "gnu++17";
				CLANG_CXX_LIBRARY = "libc++";
				CLANG_ENABLE_MODULES = YES;
				CLANG_ENABLE_OBJC_ARC = YES;
				CLANG_ENABLE_OBJC_WEAK = YES;
				CLANG_WARN_BLOCK_CAPTURE_AUTORELEASING = YES;
				CLANG_WARN_BOOL_CONVERSION = YES;
				CLANG_WARN_COMMA = YES;
				CLANG_WARN_CONSTANT_CONVERSION = YES;
				CLANG_WARN_DEPRECATED_OBJC_IMPLEMENTATIONS = YES;
				CLANG_WARN_DIRECT_OBJC_ISA_USAGE = YES_ERROR;
				CLANG_WARN_DOCUMENTATION_COMMENTS = YES;
				CLANG_WARN_EMPTY_BODY = YES;
				CLANG_WARN_ENUM_CONVERSION = YES;
				CLANG_WARN_INFINITE_RECURSION = YES;
				CLANG_WARN_INT_CONVERSION = YES;
				CLANG_WARN_NON_LITERAL_NULL_CONVERSION = YES;
				CLANG_WARN_OBJC_IMPLICIT_RETAIN_SELF = YES;
				CLANG_WARN_OBJC_LITERAL_CONVERSION = YES;
				CLANG_WARN_OBJC_ROOT_CLASS = YES_ERROR;
				CLANG_WARN_QUOTED_INCLUDE_IN_FRAMEWORK_HEADER = YES;
				CLANG_WARN_RANGE_LOOP_ANALYSIS = YES;
				CLANG_WARN_STRICT_PROTOTYPES = YES;
				CLANG_WARN_SUSPICIOUS_MOVE = YES;
				CLANG_WARN_UNGUARDED_AVAILABILITY = YES_AGGRESSIVE;
				CLANG_WARN_UNREACHABLE_CODE = YES;
				CLANG_WARN__DUPLICATE_METHOD_MATCH = YES;
				COPY_PHASE_STRIP = NO;
				DEBUG_INFORMATION_FORMAT = "dwarf-with-dsym";
				ENABLE_NS_ASSERTIONS = NO;
				ENABLE_STRICT_OBJC_MSGSEND = YES;
				GCC_C_LANGUAGE_STANDARD = gnu11;
				GCC_NO_COMMON_BLOCKS = YES;
				GCC_WARN_64_TO_32_BIT_CONVERSION = YES;
				GCC_WARN_ABOUT_RETURN_TYPE = YES_ERROR;
				GCC_WARN_UNDECLARED_SELECTOR = YES;
				GCC_WARN_UNINITIALIZED_AUTOS = YES_AGGRESSIVE;
				GCC_WARN_UNUSED_FUNCTION = YES;
				GCC_WARN_UNUSED_VARIABLE = YES;
				IPHONEOS_DEPLOYMENT_TARGET = 15.0;
				MTL_ENABLE_DEBUG_INFO = NO;
				MTL_FAST_MATH = YES;
				SDKROOT = iphoneos;
				SWIFT_COMPILATION_MODE = wholemodule;
				SWIFT_OPTIMIZATION_LEVEL = "-O";
				VALIDATE_PRODUCT = YES;
			};
			name = Release;
		};
		F4F9ADFC27EFD500002D1CBD /* Debug */ = {
			isa = XCBuildConfiguration;
			buildSettings = {
				ASSETCATALOG_COMPILER_APPICON_NAME = AppIcon;
				ASSETCATALOG_COMPILER_GLOBAL_ACCENT_COLOR_NAME = AccentColor;
				ASSETCATALOG_COMPILER_INCLUDE_ALL_APPICON_ASSETS = YES;
				CODE_SIGN_STYLE = Automatic;
				CURRENT_PROJECT_VERSION = 2;
				DEVELOPMENT_ASSET_PATHS = "\"HanabiTracker/Preview Content\"";
				DEVELOPMENT_TEAM = NEL58AT86X;
				ENABLE_PREVIEWS = YES;
				GENERATE_INFOPLIST_FILE = YES;
				INFOPLIST_KEY_UIApplicationSceneManifest_Generation = YES;
				INFOPLIST_KEY_UIApplicationSupportsIndirectInputEvents = YES;
				INFOPLIST_KEY_UILaunchScreen_Generation = YES;
				INFOPLIST_KEY_UISupportedInterfaceOrientations = "UIInterfaceOrientationLandscapeLeft UIInterfaceOrientationLandscapeRight";
				INFOPLIST_KEY_UISupportedInterfaceOrientations_iPad = "UIInterfaceOrientationPortrait UIInterfaceOrientationPortraitUpsideDown UIInterfaceOrientationLandscapeLeft UIInterfaceOrientationLandscapeRight";
				INFOPLIST_KEY_UISupportedInterfaceOrientations_iPhone = "UIInterfaceOrientationPortrait UIInterfaceOrientationLandscapeLeft UIInterfaceOrientationLandscapeRight";
				IPHONEOS_DEPLOYMENT_TARGET = 15.0;
				LD_RUNPATH_SEARCH_PATHS = (
					"$(inherited)",
					"@executable_path/Frameworks",
				);
				MARKETING_VERSION = 1.0;
				PRODUCT_BUNDLE_IDENTIFIER = com.dogpalace.HanabiTracker;
				PRODUCT_NAME = "$(TARGET_NAME)";
				SWIFT_EMIT_LOC_STRINGS = YES;
				SWIFT_VERSION = 5.0;
				TARGETED_DEVICE_FAMILY = "1,2";
			};
			name = Debug;
		};
		F4F9ADFD27EFD500002D1CBD /* Release */ = {
			isa = XCBuildConfiguration;
			buildSettings = {
				ASSETCATALOG_COMPILER_APPICON_NAME = AppIcon;
				ASSETCATALOG_COMPILER_GLOBAL_ACCENT_COLOR_NAME = AccentColor;
				ASSETCATALOG_COMPILER_INCLUDE_ALL_APPICON_ASSETS = YES;
				CODE_SIGN_STYLE = Automatic;
				CURRENT_PROJECT_VERSION = 2;
				DEVELOPMENT_ASSET_PATHS = "\"HanabiTracker/Preview Content\"";
				DEVELOPMENT_TEAM = NEL58AT86X;
				ENABLE_PREVIEWS = YES;
				GENERATE_INFOPLIST_FILE = YES;
				INFOPLIST_KEY_UIApplicationSceneManifest_Generation = YES;
				INFOPLIST_KEY_UIApplicationSupportsIndirectInputEvents = YES;
				INFOPLIST_KEY_UILaunchScreen_Generation = YES;
				INFOPLIST_KEY_UISupportedInterfaceOrientations = "UIInterfaceOrientationLandscapeLeft UIInterfaceOrientationLandscapeRight";
				INFOPLIST_KEY_UISupportedInterfaceOrientations_iPad = "UIInterfaceOrientationPortrait UIInterfaceOrientationPortraitUpsideDown UIInterfaceOrientationLandscapeLeft UIInterfaceOrientationLandscapeRight";
				INFOPLIST_KEY_UISupportedInterfaceOrientations_iPhone = "UIInterfaceOrientationPortrait UIInterfaceOrientationLandscapeLeft UIInterfaceOrientationLandscapeRight";
				IPHONEOS_DEPLOYMENT_TARGET = 15.0;
				LD_RUNPATH_SEARCH_PATHS = (
					"$(inherited)",
					"@executable_path/Frameworks",
				);
				MARKETING_VERSION = 1.0;
				PRODUCT_BUNDLE_IDENTIFIER = com.dogpalace.HanabiTracker;
				PRODUCT_NAME = "$(TARGET_NAME)";
				SWIFT_EMIT_LOC_STRINGS = YES;
				SWIFT_VERSION = 5.0;
				TARGETED_DEVICE_FAMILY = "1,2";
			};
			name = Release;
		};
		F4F9ADFF27EFD500002D1CBD /* Debug */ = {
			isa = XCBuildConfiguration;
			buildSettings = {
				ALWAYS_EMBED_SWIFT_STANDARD_LIBRARIES = YES;
				BUNDLE_LOADER = "$(TEST_HOST)";
				CODE_SIGN_STYLE = Automatic;
				CURRENT_PROJECT_VERSION = 1;
				GENERATE_INFOPLIST_FILE = YES;
				IPHONEOS_DEPLOYMENT_TARGET = 15.2;
				MARKETING_VERSION = 1.0;
				PRODUCT_BUNDLE_IDENTIFIER = com.joesus.HanabiTrackerTests;
				PRODUCT_NAME = "$(TARGET_NAME)";
				SWIFT_EMIT_LOC_STRINGS = NO;
				SWIFT_VERSION = 5.0;
				TARGETED_DEVICE_FAMILY = "1,2";
				TEST_HOST = "$(BUILT_PRODUCTS_DIR)/HanabiTracker.app/HanabiTracker";
			};
			name = Debug;
		};
		F4F9AE0027EFD500002D1CBD /* Release */ = {
			isa = XCBuildConfiguration;
			buildSettings = {
				ALWAYS_EMBED_SWIFT_STANDARD_LIBRARIES = YES;
				BUNDLE_LOADER = "$(TEST_HOST)";
				CODE_SIGN_STYLE = Automatic;
				CURRENT_PROJECT_VERSION = 1;
				GENERATE_INFOPLIST_FILE = YES;
				IPHONEOS_DEPLOYMENT_TARGET = 15.2;
				MARKETING_VERSION = 1.0;
				PRODUCT_BUNDLE_IDENTIFIER = com.joesus.HanabiTrackerTests;
				PRODUCT_NAME = "$(TARGET_NAME)";
				SWIFT_EMIT_LOC_STRINGS = NO;
				SWIFT_VERSION = 5.0;
				TARGETED_DEVICE_FAMILY = "1,2";
				TEST_HOST = "$(BUILT_PRODUCTS_DIR)/HanabiTracker.app/HanabiTracker";
			};
			name = Release;
		};
		F4F9AE0227EFD500002D1CBD /* Debug */ = {
			isa = XCBuildConfiguration;
			buildSettings = {
				ALWAYS_EMBED_SWIFT_STANDARD_LIBRARIES = YES;
				CODE_SIGN_STYLE = Automatic;
				CURRENT_PROJECT_VERSION = 1;
				GENERATE_INFOPLIST_FILE = YES;
				MARKETING_VERSION = 1.0;
				PRODUCT_BUNDLE_IDENTIFIER = com.joesus.HanabiTrackerUITests;
				PRODUCT_NAME = "$(TARGET_NAME)";
				SWIFT_EMIT_LOC_STRINGS = NO;
				SWIFT_VERSION = 5.0;
				TARGETED_DEVICE_FAMILY = "1,2";
				TEST_TARGET_NAME = HanabiTracker;
			};
			name = Debug;
		};
		F4F9AE0327EFD500002D1CBD /* Release */ = {
			isa = XCBuildConfiguration;
			buildSettings = {
				ALWAYS_EMBED_SWIFT_STANDARD_LIBRARIES = YES;
				CODE_SIGN_STYLE = Automatic;
				CURRENT_PROJECT_VERSION = 1;
				GENERATE_INFOPLIST_FILE = YES;
				MARKETING_VERSION = 1.0;
				PRODUCT_BUNDLE_IDENTIFIER = com.joesus.HanabiTrackerUITests;
				PRODUCT_NAME = "$(TARGET_NAME)";
				SWIFT_EMIT_LOC_STRINGS = NO;
				SWIFT_VERSION = 5.0;
				TARGETED_DEVICE_FAMILY = "1,2";
				TEST_TARGET_NAME = HanabiTracker;
			};
			name = Release;
		};
/* End XCBuildConfiguration section */

/* Begin XCConfigurationList section */
		F4F9ADD227EFD4FE002D1CBD /* Build configuration list for PBXProject "HanabiTracker" */ = {
			isa = XCConfigurationList;
			buildConfigurations = (
				F4F9ADF927EFD500002D1CBD /* Debug */,
				F4F9ADFA27EFD500002D1CBD /* Release */,
			);
			defaultConfigurationIsVisible = 0;
			defaultConfigurationName = Release;
		};
		F4F9ADFB27EFD500002D1CBD /* Build configuration list for PBXNativeTarget "HanabiTracker" */ = {
			isa = XCConfigurationList;
			buildConfigurations = (
				F4F9ADFC27EFD500002D1CBD /* Debug */,
				F4F9ADFD27EFD500002D1CBD /* Release */,
			);
			defaultConfigurationIsVisible = 0;
			defaultConfigurationName = Release;
		};
		F4F9ADFE27EFD500002D1CBD /* Build configuration list for PBXNativeTarget "HanabiTrackerTests" */ = {
			isa = XCConfigurationList;
			buildConfigurations = (
				F4F9ADFF27EFD500002D1CBD /* Debug */,
				F4F9AE0027EFD500002D1CBD /* Release */,
			);
			defaultConfigurationIsVisible = 0;
			defaultConfigurationName = Release;
		};
		F4F9AE0127EFD500002D1CBD /* Build configuration list for PBXNativeTarget "HanabiTrackerUITests" */ = {
			isa = XCConfigurationList;
			buildConfigurations = (
				F4F9AE0227EFD500002D1CBD /* Debug */,
				F4F9AE0327EFD500002D1CBD /* Release */,
			);
			defaultConfigurationIsVisible = 0;
			defaultConfigurationName = Release;
		};
/* End XCConfigurationList section */

/* Begin XCSwiftPackageProductDependency section */
		F42376AB27F208DC005DFE3F /* Model */ = {
			isa = XCSwiftPackageProductDependency;
			productName = Model;
		};
/* End XCSwiftPackageProductDependency section */
	};
	rootObject = F4F9ADCF27EFD4FE002D1CBD /* Project object */;
}
